
Microsoft Visual Studio Solution File, Format Version 12.00
# Visual Studio Version 17
VisualStudioVersion = 17.0.31903.59
MinimumVisualStudioVersion = 10.0.40219.1

Project("{2150E333-8FDC-42A3-9474-1A3956D46DE8}") = "src", "src", "{8BC9CEB8-8B4A-11D0-8D11-00A0C91BC942}"
EndProject

Project("{2150E333-8FDC-42A3-9474-1A3956D46DE8}") = "Shared", "Shared", "{FAE04EC0-301F-11D3-BF4B-00C04F79EFBC}"
EndProject
Project("{FAE04EC0-301F-11D3-BF4B-00C04F79EFBC}") = "WOL.Shared.Common", "src\Shared\WOL.Shared.Common\WOL.Shared.Common.csproj", "{A1111111-1111-1111-1111-111111111111}"
EndProject
Project("{FAE04EC0-301F-11D3-BF4B-00C04F79EFBC}") = "WOL.Shared.Messages", "src\Shared\WOL.Shared.Messages\WOL.Shared.Messages.csproj", "{A2222222-2222-2222-2222-222222222222}"
EndProject

Project("{2150E333-8FDC-42A3-9474-1A3956D46DE8}") = "Services", "Services", "{B1111111-1111-1111-1111-111111111111}"
EndProject

Project("{2150E333-8FDC-42A3-9474-1A3956D46DE8}") = "Identity", "Identity", "{C1111111-1111-1111-1111-111111111111}"
EndProject
Project("{FAE04EC0-301F-11D3-BF4B-00C04F79EFBC}") = "WOL.Identity.Domain", "src\Services\Identity\WOL.Identity.Domain\WOL.Identity.Domain.csproj", "{D1111111-1111-1111-1111-111111111111}"
EndProject
Project("{FAE04EC0-301F-11D3-BF4B-00C04F79EFBC}") = "WOL.Identity.Application", "src\Services\Identity\WOL.Identity.Application\WOL.Identity.Application.csproj", "{D1111112-1111-1111-1111-111111111111}"
EndProject
Project("{FAE04EC0-301F-11D3-BF4B-00C04F79EFBC}") = "WOL.Identity.Infrastructure", "src\Services\Identity\WOL.Identity.Infrastructure\WOL.Identity.Infrastructure.csproj", "{D1111113-1111-1111-1111-111111111111}"
EndProject
Project("{FAE04EC0-301F-11D3-BF4B-00C04F79EFBC}") = "WOL.Identity.API", "src\Services\Identity\WOL.Identity.API\WOL.Identity.API.csproj", "{D1111114-1111-1111-1111-111111111111}"
EndProject

Project("{2150E333-8FDC-42A3-9474-1A3956D46DE8}") = "Booking", "Booking", "{C2222222-2222-2222-2222-222222222222}"
EndProject
Project("{FAE04EC0-301F-11D3-BF4B-00C04F79EFBC}") = "WOL.Booking.Domain", "src\Services\Booking\WOL.Booking.Domain\WOL.Booking.Domain.csproj", "{D2222221-2222-2222-2222-222222222222}"
EndProject
Project("{FAE04EC0-301F-11D3-BF4B-00C04F79EFBC}") = "WOL.Booking.Application", "src\Services\Booking\WOL.Booking.Application\WOL.Booking.Application.csproj", "{D2222222-2222-2222-2222-222222222222}"
EndProject
Project("{FAE04EC0-301F-11D3-BF4B-00C04F79EFBC}") = "WOL.Booking.Infrastructure", "src\Services\Booking\WOL.Booking.Infrastructure\WOL.Booking.Infrastructure.csproj", "{D2222223-2222-2222-2222-222222222222}"
EndProject
Project("{FAE04EC0-301F-11D3-BF4B-00C04F79EFBC}") = "WOL.Booking.API", "src\Services\Booking\WOL.Booking.API\WOL.Booking.API.csproj", "{D2222224-2222-2222-2222-222222222222}"
EndProject

Project("{2150E333-8FDC-42A3-9474-1A3956D46DE8}") = "Vehicle", "Vehicle", "{C3333333-3333-3333-3333-333333333333}"
EndProject
Project("{FAE04EC0-301F-11D3-BF4B-00C04F79EFBC}") = "WOL.Vehicle.Domain", "src\Services\Vehicle\WOL.Vehicle.Domain\WOL.Vehicle.Domain.csproj", "{D3333331-3333-3333-3333-333333333333}"
EndProject
Project("{FAE04EC0-301F-11D3-BF4B-00C04F79EFBC}") = "WOL.Vehicle.Application", "src\Services\Vehicle\WOL.Vehicle.Application\WOL.Vehicle.Application.csproj", "{D3333332-3333-3333-3333-333333333333}"
EndProject
Project("{FAE04EC0-301F-11D3-BF4B-00C04F79EFBC}") = "WOL.Vehicle.Infrastructure", "src\Services\Vehicle\WOL.Vehicle.Infrastructure\WOL.Vehicle.Infrastructure.csproj", "{D3333333-3333-3333-3333-333333333333}"
EndProject
Project("{FAE04EC0-301F-11D3-BF4B-00C04F79EFBC}") = "WOL.Vehicle.API", "src\Services\Vehicle\WOL.Vehicle.API\WOL.Vehicle.API.csproj", "{D3333334-3333-3333-3333-333333333333}"
EndProject

Project("{2150E333-8FDC-42A3-9474-1A3956D46DE8}") = "Payment", "Payment", "{C4444444-4444-4444-4444-444444444444}"
EndProject
Project("{FAE04EC0-301F-11D3-BF4B-00C04F79EFBC}") = "WOL.Payment.Domain", "src\Services\Payment\WOL.Payment.Domain\WOL.Payment.Domain.csproj", "{D4444441-4444-4444-4444-444444444444}"
EndProject
Project("{FAE04EC0-301F-11D3-BF4B-00C04F79EFBC}") = "WOL.Payment.Application", "src\Services\Payment\WOL.Payment.Application\WOL.Payment.Application.csproj", "{D4444442-4444-4444-4444-444444444444}"
EndProject
Project("{FAE04EC0-301F-11D3-BF4B-00C04F79EFBC}") = "WOL.Payment.Infrastructure", "src\Services\Payment\WOL.Payment.Infrastructure\WOL.Payment.Infrastructure.csproj", "{D4444443-4444-4444-4444-444444444444}"
EndProject
Project("{FAE04EC0-301F-11D3-BF4B-00C04F79EFBC}") = "WOL.Payment.API", "src\Services\Payment\WOL.Payment.API\WOL.Payment.API.csproj", "{D4444444-4444-4444-4444-444444444444}"
EndProject

Project("{2150E333-8FDC-42A3-9474-1A3956D46DE8}") = "Tracking", "Tracking", "{C5555555-5555-5555-5555-555555555555}"
EndProject
Project("{FAE04EC0-301F-11D3-BF4B-00C04F79EFBC}") = "WOL.Tracking.Domain", "src\Services\Tracking\WOL.Tracking.Domain\WOL.Tracking.Domain.csproj", "{D5555551-5555-5555-5555-555555555555}"
EndProject
Project("{FAE04EC0-301F-11D3-BF4B-00C04F79EFBC}") = "WOL.Tracking.Application", "src\Services\Tracking\WOL.Tracking.Application\WOL.Tracking.Application.csproj", "{D5555552-5555-5555-5555-555555555555}"
EndProject
Project("{FAE04EC0-301F-11D3-BF4B-00C04F79EFBC}") = "WOL.Tracking.Infrastructure", "src\Services\Tracking\WOL.Tracking.Infrastructure\WOL.Tracking.Infrastructure.csproj", "{D5555553-5555-5555-5555-555555555555}"
EndProject
Project("{FAE04EC0-301F-11D3-BF4B-00C04F79EFBC}") = "WOL.Tracking.API", "src\Services\Tracking\WOL.Tracking.API\WOL.Tracking.API.csproj", "{D5555554-5555-5555-5555-555555555555}"
EndProject

Project("{2150E333-8FDC-42A3-9474-1A3956D46DE8}") = "Notification", "Notification", "{C6666666-6666-6666-6666-666666666666}"
EndProject
Project("{FAE04EC0-301F-11D3-BF4B-00C04F79EFBC}") = "WOL.Notification.Domain", "src\Services\Notification\WOL.Notification.Domain\WOL.Notification.Domain.csproj", "{D6666661-6666-6666-6666-666666666666}"
EndProject
Project("{FAE04EC0-301F-11D3-BF4B-00C04F79EFBC}") = "WOL.Notification.Application", "src\Services\Notification\WOL.Notification.Application\WOL.Notification.Application.csproj", "{D6666662-6666-6666-6666-666666666666}"
EndProject
Project("{FAE04EC0-301F-11D3-BF4B-00C04F79EFBC}") = "WOL.Notification.Infrastructure", "src\Services\Notification\WOL.Notification.Infrastructure\WOL.Notification.Infrastructure.csproj", "{D6666663-6666-6666-6666-666666666666}"
EndProject
Project("{FAE04EC0-301F-11D3-BF4B-00C04F79EFBC}") = "WOL.Notification.API", "src\Services\Notification\WOL.Notification.API\WOL.Notification.API.csproj", "{D6666664-6666-6666-6666-666666666666}"
EndProject

Project("{2150E333-8FDC-42A3-9474-1A3956D46DE8}") = "ApiGateway", "ApiGateway", "{E1111111-1111-1111-1111-111111111111}"
EndProject
Project("{FAE04EC0-301F-11D3-BF4B-00C04F79EFBC}") = "WOL.ApiGateway", "src\ApiGateway\WOL.ApiGateway\WOL.ApiGateway.csproj", "{E1111112-1111-1111-1111-111111111111}"
EndProject

Project("{2150E333-8FDC-42A3-9474-1A3956D46DE8}") = "Workers", "Workers", "{F1111111-1111-1111-1111-111111111111}"
EndProject
Project("{FAE04EC0-301F-11D3-BF4B-00C04F79EFBC}") = "WOL.NotificationWorker", "src\Workers\WOL.NotificationWorker\WOL.NotificationWorker.csproj", "{F1111112-1111-1111-1111-111111111111}"
EndProject

Global
	GlobalSection(SolutionConfigurationPlatforms) = preSolution
		Debug|Any CPU = Debug|Any CPU
		Release|Any CPU = Release|Any CPU
	EndGlobalSection
	GlobalSection(SolutionProperties) = preSolution
		HideSolutionNode = FALSE
	EndGlobalSection
	GlobalSection(NestedProjects) = preSolution
		{FAE04EC0-301F-11D3-BF4B-00C04F79EFBC} = {8BC9CEB8-8B4A-11D0-8D11-00A0C91BC942}
		{A1111111-1111-1111-1111-111111111111} = {FAE04EC0-301F-11D3-BF4B-00C04F79EFBC}
		{A2222222-2222-2222-2222-222222222222} = {FAE04EC0-301F-11D3-BF4B-00C04F79EFBC}
		{B1111111-1111-1111-1111-111111111111} = {8BC9CEB8-8B4A-11D0-8D11-00A0C91BC942}
		{C1111111-1111-1111-1111-111111111111} = {B1111111-1111-1111-1111-111111111111}
		{D1111111-1111-1111-1111-111111111111} = {C1111111-1111-1111-1111-111111111111}
		{D1111112-1111-1111-1111-111111111111} = {C1111111-1111-1111-1111-111111111111}
		{D1111113-1111-1111-1111-111111111111} = {C1111111-1111-1111-1111-111111111111}
		{D1111114-1111-1111-1111-111111111111} = {C1111111-1111-1111-1111-111111111111}
		{C2222222-2222-2222-2222-222222222222} = {B1111111-1111-1111-1111-111111111111}
		{D2222221-2222-2222-2222-222222222222} = {C2222222-2222-2222-2222-222222222222}
		{D2222222-2222-2222-2222-222222222222} = {C2222222-2222-2222-2222-222222222222}
		{D2222223-2222-2222-2222-222222222222} = {C2222222-2222-2222-2222-222222222222}
		{D2222224-2222-2222-2222-222222222222} = {C2222222-2222-2222-2222-222222222222}
		{C3333333-3333-3333-3333-333333333333} = {B1111111-1111-1111-1111-111111111111}
		{D3333331-3333-3333-3333-333333333333} = {C3333333-3333-3333-3333-333333333333}
		{D3333332-3333-3333-3333-333333333333} = {C3333333-3333-3333-3333-333333333333}
		{D3333333-3333-3333-3333-333333333333} = {C3333333-3333-3333-3333-333333333333}
		{D3333334-3333-3333-3333-333333333333} = {C3333333-3333-3333-3333-333333333333}
		{C4444444-4444-4444-4444-444444444444} = {B1111111-1111-1111-1111-111111111111}
		{D4444441-4444-4444-4444-444444444444} = {C4444444-4444-4444-4444-444444444444}
		{D4444442-4444-4444-4444-444444444444} = {C4444444-4444-4444-4444-444444444444}
		{D4444443-4444-4444-4444-444444444444} = {C4444444-4444-4444-4444-444444444444}
		{D4444444-4444-4444-4444-444444444444} = {C4444444-4444-4444-4444-444444444444}
		{C5555555-5555-5555-5555-555555555555} = {B1111111-1111-1111-1111-111111111111}
		{D5555551-5555-5555-5555-555555555555} = {C5555555-5555-5555-5555-555555555555}
		{D5555552-5555-5555-5555-555555555555} = {C5555555-5555-5555-5555-555555555555}
		{D5555553-5555-5555-5555-555555555555} = {C5555555-5555-5555-5555-555555555555}
		{D5555554-5555-5555-5555-555555555555} = {C5555555-5555-5555-5555-555555555555}
		{C6666666-6666-6666-6666-666666666666} = {B1111111-1111-1111-1111-111111111111}
		{D6666661-6666-6666-6666-666666666666} = {C6666666-6666-6666-6666-666666666666}
		{D6666662-6666-6666-6666-666666666666} = {C6666666-6666-6666-6666-666666666666}
		{D6666663-6666-6666-6666-666666666666} = {C6666666-6666-6666-6666-666666666666}
		{D6666664-6666-6666-6666-666666666666} = {C6666666-6666-6666-6666-666666666666}
		{E1111111-1111-1111-1111-111111111111} = {8BC9CEB8-8B4A-11D0-8D11-00A0C91BC942}
		{E1111112-1111-1111-1111-111111111111} = {E1111111-1111-1111-1111-111111111111}
		{F1111111-1111-1111-1111-111111111111} = {8BC9CEB8-8B4A-11D0-8D11-00A0C91BC942}
		{F1111112-1111-1111-1111-111111111111} = {F1111111-1111-1111-1111-111111111111}
	EndGlobalSection
EndGlobal
